
Microsoft Visual Studio Solution File, Format Version 12.00
# Visual Studio 15
VisualStudioVersion = 15.0.27130.2010
MinimumVisualStudioVersion = 10.0.40219.1
Project("{FAE04EC0-301F-11D3-BF4B-00C04F79EFBC}") = "QLND", "QLND\QLND.csproj", "{5FACE76E-203A-4FD1-B5FA-7B755B462D83}"
EndProject
Global
	GlobalSection(SolutionConfigurationPlatforms) = preSolution
		Debug|Any CPU = Debug|Any CPU
		Release|Any CPU = Release|Any CPU
	EndGlobalSection
	GlobalSection(ProjectConfigurationPlatforms) = postSolution
		{5FACE76E-203A-4FD1-B5FA-7B755B462D83}.Debug|Any CPU.ActiveCfg = Debug|Any CPU
		{5FACE76E-203A-4FD1-B5FA-7B755B462D83}.Debug|Any CPU.Build.0 = Debug|Any CPU
		{5FACE76E-203A-4FD1-B5FA-7B755B462D83}.Release|Any CPU.ActiveCfg = Release|Any CPU
		{5FACE76E-203A-4FD1-B5FA-7B755B462D83}.Release|Any CPU.Build.0 = Release|Any CPU
	EndGlobalSection
	GlobalSection(SolutionProperties) = preSolution
		HideSolutionNode = FALSE
	EndGlobalSection
	GlobalSection(ExtensibilityGlobals) = postSolution
		SolutionGuid = {DBDD7044-8080-43A3-97A3-99DEFB0A6558}
	EndGlobalSection
EndGlobal
